Microsoft Visual Studio Solution File, Format Version 10.00
# Visual Studio 2008
Project("{FAE04EC0-301F-11D3-BF4B-00C04F79EFBC}") = "AjTalk", "AjTalk\AjTalk.csproj", "{232A3EF3-8392-409E-8D6B-961EFEE30347}"
EndProject
Project("{2150E333-8FDC-42A3-9474-1A3956D46DE8}") = "Solution Items", "Solution Items", "{79A09A41-9D11-4858-9734-D2623F4CAC72}"
	ProjectSection(SolutionItems) = preProject
		AjTalk.vsmdi = AjTalk.vsmdi
		LocalTestRun.testrunconfig = LocalTestRun.testrunconfig
	EndProjectSection
EndProject
Project("{FAE04EC0-301F-11D3-BF4B-00C04F79EFBC}") = "AjTalk.Tests", "AjTalk.Tests\AjTalk.Tests.csproj", "{982F7B02-75F1-44E6-A757-4E5D25A7FE49}"
EndProject
Project("{FAE04EC0-301F-11D3-BF4B-00C04F79EFBC}") = "AjTalk.Gui", "AjTalk.Gui\AjTalk.Gui.csproj", "{0EA38DC8-8565-43C6-9077-F6BE28EDAA34}"
EndProject
Global
	GlobalSection(TestCaseManagementSettings) = postSolution
		CategoryFile = AjTalk.vsmdi
	EndGlobalSection
	GlobalSection(SolutionConfigurationPlatforms) = preSolution
		Debug|Any CPU = Debug|Any CPU
		Release|Any CPU = Release|Any CPU
	EndGlobalSection
	GlobalSection(ProjectConfigurationPlatforms) = postSolution
		{232A3EF3-8392-409E-8D6B-961EFEE30347}.Debug|Any CPU.ActiveCfg = Debug|Any CPU
		{232A3EF3-8392-409E-8D6B-961EFEE30347}.Debug|Any CPU.Build.0 = Debug|Any CPU
		{232A3EF3-8392-409E-8D6B-961EFEE30347}.Release|Any CPU.ActiveCfg = Release|Any CPU
		{232A3EF3-8392-409E-8D6B-961EFEE30347}.Release|Any CPU.Build.0 = Release|Any CPU
		{982F7B02-75F1-44E6-A757-4E5D25A7FE49}.Debug|Any CPU.ActiveCfg = Debug|Any CPU
		{982F7B02-75F1-44E6-A757-4E5D25A7FE49}.Debug|Any CPU.Build.0 = Debug|Any CPU
		{982F7B02-75F1-44E6-A757-4E5D25A7FE49}.Release|Any CPU.ActiveCfg = Release|Any CPU
		{982F7B02-75F1-44E6-A757-4E5D25A7FE49}.Release|Any CPU.Build.0 = Release|Any CPU
		{0EA38DC8-8565-43C6-9077-F6BE28EDAA34}.Debug|Any CPU.ActiveCfg = Debug|Any CPU
		{0EA38DC8-8565-43C6-9077-F6BE28EDAA34}.Debug|Any CPU.Build.0 = Debug|Any CPU
		{0EA38DC8-8565-43C6-9077-F6BE28EDAA34}.Release|Any CPU.ActiveCfg = Release|Any CPU
		{0EA38DC8-8565-43C6-9077-F6BE28EDAA34}.Release|Any CPU.Build.0 = Release|Any CPU
	EndGlobalSection
	GlobalSection(SolutionProperties) = preSolution
		HideSolutionNode = FALSE
	EndGlobalSection
EndGlobal
